{
  "name": "priority-event-listener-example",
  "version": "1.0.0",
  "lockfileVersion": 2,
  "requires": true,
  "packages": {
    "": {
      "name": "priority-event-listener-example",
      "version": "1.0.0",
      "license": "ISC",
      "dependencies": {
        "priority-event-listener": "0.0.1",
        "typescript": "^4.6.2"
      }
    },
    "node_modules/priority-event-listener": {
      "version": "0.0.1",
      "resolved": "https://registry.npmjs.org/priority-event-listener/-/priority-event-listener-0.0.1.tgz",
      "integrity": "sha512-MFyJWiAXsZ5xtAzhz5mYfQh9jS+g+jr1cdt7e5THJjlnqaz55W+lLLwAV9Lbphr8l/k6+16kOw1MAP9l1UuuNQ=="
    },
    "node_modules/typescript": {
      "version": "4.6.4",
      "resolved": "https://registry.npmjs.org/typescript/-/typescript-4.6.4.tgz",
      "integrity": "sha512-9ia/jWHIEbo49HfjrLGfKbZSuWo9iTMwXO+Ca3pRsSpbsMbc7/IU8NKdCZVRRBafVPGnoJeFL76ZOAA84I9fEg==",
      "bin": {
        "tsc": "bin/tsc",
        "tsserver": "bin/tsserver"
      },
      "engines": {
        "node": ">=4.2.0"
      }
    }
  },
  "dependencies": {
    "priority-event-listener": {
      "version": "0.0.1",
      "resolved": "https://registry.npmjs.org/priority-event-listener/-/priority-event-listener-0.0.1.tgz",
      "integrity": "sha512-MFyJWiAXsZ5xtAzhz5mYfQh9jS+g+jr1cdt7e5THJjlnqaz55W+lLLwAV9Lbphr8l/k6+16kOw1MAP9l1UuuNQ=="
    },
    "typescript": {
      "version": "4.6.4",
      "resolved": "https://registry.npmjs.org/typescript/-/typescript-4.6.4.tgz",
      "integrity": "sha512-9ia/jWHIEbo49HfjrLGfKbZSuWo9iTMwXO+Ca3pRsSpbsMbc7/IU8NKdCZVRRBafVPGnoJeFL76ZOAA84I9fEg=="
    }
  }
}
